
Microsoft Visual Studio Solution File, Format Version 12.00
# Visual Studio Version 17
VisualStudioVersion = 17.8.34525.116
MinimumVisualStudioVersion = 10.0.40219.1
Project("{9A19103F-16F7-4668-BE54-9A1E7A4F7556}") = "HyperMarket", "HyperMarket.csproj", "{8E4633E5-57A0-45D6-81DD-72F54107BB5A}"
EndProject
Global
	GlobalSection(SolutionConfigurationPlatforms) = preSolution
		Debug|Any CPU = Debug|Any CPU
		Release|Any CPU = Release|Any CPU
	EndGlobalSection
	GlobalSection(ProjectConfigurationPlatforms) = postSolution
		{8E4633E5-57A0-45D6-81DD-72F54107BB5A}.Debug|Any CPU.ActiveCfg = Debug|Any CPU
		{8E4633E5-57A0-45D6-81DD-72F54107BB5A}.Debug|Any CPU.Build.0 = Debug|Any CPU
		{8E4633E5-57A0-45D6-81DD-72F54107BB5A}.Release|Any CPU.ActiveCfg = Release|Any CPU
		{8E4633E5-57A0-45D6-81DD-72F54107BB5A}.Release|Any CPU.Build.0 = Release|Any CPU
	EndGlobalSection
	GlobalSection(SolutionProperties) = preSolution
		HideSolutionNode = FALSE
	EndGlobalSection
	GlobalSection(ExtensibilityGlobals) = postSolution
		SolutionGuid = {1F607047-21DA-410A-BBA8-FA3DF88F7CB6}
	EndGlobalSection
EndGlobal
